
Microsoft Visual Studio Solution File, Format Version 12.00
# Visual Studio Version 16
VisualStudioVersion = 16.0.29709.97
MinimumVisualStudioVersion = 10.0.40219.1
Project("{FAE04EC0-301F-11D3-BF4B-00C04F79EFBC}") = "4", "4\4.csproj", "{240F5809-A256-4C66-A7AE-91EB9A6F2425}"
EndProject
Global
	GlobalSection(SolutionConfigurationPlatforms) = preSolution
		Debug|Any CPU = Debug|Any CPU
		Release|Any CPU = Release|Any CPU
	EndGlobalSection
	GlobalSection(ProjectConfigurationPlatforms) = postSolution
		{240F5809-A256-4C66-A7AE-91EB9A6F2425}.Debug|Any CPU.ActiveCfg = Debug|Any CPU
		{240F5809-A256-4C66-A7AE-91EB9A6F2425}.Debug|Any CPU.Build.0 = Debug|Any CPU
		{240F5809-A256-4C66-A7AE-91EB9A6F2425}.Release|Any CPU.ActiveCfg = Release|Any CPU
		{240F5809-A256-4C66-A7AE-91EB9A6F2425}.Release|Any CPU.Build.0 = Release|Any CPU
	EndGlobalSection
	GlobalSection(SolutionProperties) = preSolution
		HideSolutionNode = FALSE
	EndGlobalSection
	GlobalSection(ExtensibilityGlobals) = postSolution
		SolutionGuid = {1E42692E-D00C-45A9-AAD8-7F3D81F9D3CD}
	EndGlobalSection
EndGlobal
